
Microsoft Visual Studio Solution File, Format Version 12.00
# Visual Studio Version 16
VisualStudioVersion = 16.0.29418.71
MinimumVisualStudioVersion = 10.0.40219.1
Project("{FAE04EC0-301F-11D3-BF4B-00C04F79EFBC}") = "Wej1 - 2B popraawiony", "Wej1 - 2B popraawiony\Wej1 - 2B popraawiony.csproj", "{E25E36E0-140B-4F32-A141-6240D314822A}"
EndProject
Global
	GlobalSection(SolutionConfigurationPlatforms) = preSolution
		Debug|Any CPU = Debug|Any CPU
		Release|Any CPU = Release|Any CPU
	EndGlobalSection
	GlobalSection(ProjectConfigurationPlatforms) = postSolution
		{E25E36E0-140B-4F32-A141-6240D314822A}.Debug|Any CPU.ActiveCfg = Debug|Any CPU
		{E25E36E0-140B-4F32-A141-6240D314822A}.Debug|Any CPU.Build.0 = Debug|Any CPU
		{E25E36E0-140B-4F32-A141-6240D314822A}.Release|Any CPU.ActiveCfg = Release|Any CPU
		{E25E36E0-140B-4F32-A141-6240D314822A}.Release|Any CPU.Build.0 = Release|Any CPU
	EndGlobalSection
	GlobalSection(SolutionProperties) = preSolution
		HideSolutionNode = FALSE
	EndGlobalSection
	GlobalSection(ExtensibilityGlobals) = postSolution
		SolutionGuid = {41D21B8B-0840-4667-8F1C-B72D7F759D46}
	EndGlobalSection
EndGlobal
