
Microsoft Visual Studio Solution File, Format Version 12.00
# Visual Studio Version 16
VisualStudioVersion = 16.0.29418.71
MinimumVisualStudioVersion = 10.0.40219.1
Project("{FAE04EC0-301F-11D3-BF4B-00C04F79EFBC}") = "Wej2 - 1B", "Wej2 - 1B\Wej2 - 1B.csproj", "{4C019FCF-D3B5-42CE-921F-B306304AB800}"
EndProject
Global
	GlobalSection(SolutionConfigurationPlatforms) = preSolution
		Debug|Any CPU = Debug|Any CPU
		Release|Any CPU = Release|Any CPU
	EndGlobalSection
	GlobalSection(ProjectConfigurationPlatforms) = postSolution
		{4C019FCF-D3B5-42CE-921F-B306304AB800}.Debug|Any CPU.ActiveCfg = Debug|Any CPU
		{4C019FCF-D3B5-42CE-921F-B306304AB800}.Debug|Any CPU.Build.0 = Debug|Any CPU
		{4C019FCF-D3B5-42CE-921F-B306304AB800}.Release|Any CPU.ActiveCfg = Release|Any CPU
		{4C019FCF-D3B5-42CE-921F-B306304AB800}.Release|Any CPU.Build.0 = Release|Any CPU
	EndGlobalSection
	GlobalSection(SolutionProperties) = preSolution
		HideSolutionNode = FALSE
	EndGlobalSection
	GlobalSection(ExtensibilityGlobals) = postSolution
		SolutionGuid = {AF5A859C-8739-4787-98B7-7C3B9FE60D7E}
	EndGlobalSection
EndGlobal
