
Microsoft Visual Studio Solution File, Format Version 12.00
# Visual Studio Version 16
VisualStudioVersion = 16.0.29418.71
MinimumVisualStudioVersion = 10.0.40219.1
Project("{FAE04EC0-301F-11D3-BF4B-00C04F79EFBC}") = "Wej1 - 2A", "Wej1 - 2A\Wej1 - 2A.csproj", "{2DA1A68D-55DC-44B3-BE66-B0049F08FE4D}"
EndProject
Global
	GlobalSection(SolutionConfigurationPlatforms) = preSolution
		Debug|Any CPU = Debug|Any CPU
		Release|Any CPU = Release|Any CPU
	EndGlobalSection
	GlobalSection(ProjectConfigurationPlatforms) = postSolution
		{2DA1A68D-55DC-44B3-BE66-B0049F08FE4D}.Debug|Any CPU.ActiveCfg = Debug|Any CPU
		{2DA1A68D-55DC-44B3-BE66-B0049F08FE4D}.Debug|Any CPU.Build.0 = Debug|Any CPU
		{2DA1A68D-55DC-44B3-BE66-B0049F08FE4D}.Release|Any CPU.ActiveCfg = Release|Any CPU
		{2DA1A68D-55DC-44B3-BE66-B0049F08FE4D}.Release|Any CPU.Build.0 = Release|Any CPU
	EndGlobalSection
	GlobalSection(SolutionProperties) = preSolution
		HideSolutionNode = FALSE
	EndGlobalSection
	GlobalSection(ExtensibilityGlobals) = postSolution
		SolutionGuid = {7959563A-F539-431D-98A0-5546B31A1835}
	EndGlobalSection
EndGlobal
